
Microsoft Visual Studio Solution File, Format Version 12.00
# Visual Studio 15
VisualStudioVersion = 15.0.27428.2037
MinimumVisualStudioVersion = 10.0.40219.1
Project("{FAE04EC0-301F-11D3-BF4B-00C04F79EFBC}") = "PH.Website", "PH.Website\PH.Website.csproj", "{6BAEB62D-13E4-4F5F-A287-B850206F7F1B}"
EndProject
Global
	GlobalSection(SolutionConfigurationPlatforms) = preSolution
		Debug|Any CPU = Debug|Any CPU
		Release|Any CPU = Release|Any CPU
	EndGlobalSection
	GlobalSection(ProjectConfigurationPlatforms) = postSolution
		{6BAEB62D-13E4-4F5F-A287-B850206F7F1B}.Debug|Any CPU.ActiveCfg = Debug|Any CPU
		{6BAEB62D-13E4-4F5F-A287-B850206F7F1B}.Debug|Any CPU.Build.0 = Debug|Any CPU
		{6BAEB62D-13E4-4F5F-A287-B850206F7F1B}.Release|Any CPU.ActiveCfg = Release|Any CPU
		{6BAEB62D-13E4-4F5F-A287-B850206F7F1B}.Release|Any CPU.Build.0 = Release|Any CPU
	EndGlobalSection
	GlobalSection(SolutionProperties) = preSolution
		HideSolutionNode = FALSE
	EndGlobalSection
	GlobalSection(ExtensibilityGlobals) = postSolution
		SolutionGuid = {47F2D482-E21A-4087-885C-7C0303ADF69F}
	EndGlobalSection
EndGlobal
